# THIS IS AN AUTOGENERATED FILE. DO NOT EDIT THIS FILE DIRECTLY.
# yarn lockfile v1


"@types/bluebird@^3.5.20":
  version "3.5.20"
  resolved "https://registry.yarnpkg.com/@types/bluebird/-/bluebird-3.5.20.tgz#f6363172add6f4eabb8cada53ca9af2781e8d6a1"

"@types/node-fetch@^2.1.1":
  version "2.1.1"
  resolved "https://registry.yarnpkg.com/@types/node-fetch/-/node-fetch-2.1.1.tgz#1e8d0abf4c438828ce9c74b45d564a8a93e48cec"
  dependencies:
    "@types/node" "*"

"@types/node@*":
  version "10.3.3"
  resolved "https://registry.yarnpkg.com/@types/node/-/node-10.3.3.tgz#8798d9e39af2fa604f715ee6a6b19796528e46c3"

asap@~2.0.3:
  version "2.0.6"
  resolved "https://registry.yarnpkg.com/asap/-/asap-2.0.6.tgz#e50347611d7e690943208bbdafebcbc2fb866d46"

async@1.5.2:
  version "1.5.2"
  resolved "https://registry.yarnpkg.com/async/-/async-1.5.2.tgz#ec6a61ae56480c0c3cb241c95618e20892f9672a"

bindings@~1.2.1:
  version "1.2.1"
  resolved "https://registry.yarnpkg.com/bindings/-/bindings-1.2.1.tgz#14ad6113812d2d37d72e67b4cacb4bb726505f11"

bluebird@^3.5.1:
  version "3.5.1"
  resolved "https://registry.yarnpkg.com/bluebird/-/bluebird-3.5.1.tgz#d9551f9de98f1fcda1e683d17ee91a0602ee2eb9"

debug@2.6.9:
  version "2.6.9"
  resolved "https://registry.yarnpkg.com/debug/-/debug-2.6.9.tgz#5d128515df134ff327e90a4c93f4e077a536341f"
  dependencies:
    ms "2.0.0"

epoll@0.1.22:
  version "0.1.22"
  resolved "https://registry.yarnpkg.com/epoll/-/epoll-0.1.22.tgz#1ab9a637cff11a20970c888b1ca2178b64cf5291"
  dependencies:
    bindings "~1.2.1"
    nan "~2.6.2"

ms@2.0.0:
  version "2.0.0"
  resolved "https://registry.yarnpkg.com/ms/-/ms-2.0.0.tgz#5608aeadfc00be6c2901df5f9861788de0d597c8"

nan@~2.6.2:
  version "2.6.2"
  resolved "https://registry.yarnpkg.com/nan/-/nan-2.6.2.tgz#e4ff34e6c95fdfb5aecc08de6596f43605a7db45"

node-fetch@^2.1.2:
  version "2.1.2"
  resolved "https://registry.yarnpkg.com/node-fetch/-/node-fetch-2.1.2.tgz#ab884e8e7e57e38a944753cec706f788d1768bb5"

pi-camera@karl-sjogren/pi-camera:
  version "1.0.1"
  resolved "https://codeload.github.com/karl-sjogren/pi-camera/tar.gz/e6c6aa060b291a8be6f043c0a58168abbd192008"

promise@7.1.1:
  version "7.1.1"
  resolved "https://registry.yarnpkg.com/promise/-/promise-7.1.1.tgz#489654c692616b8aa55b0724fa809bb7db49c5bf"
  dependencies:
    asap "~2.0.3"

rpi-gpio@^1.0.0:
  version "1.0.0"
  resolved "https://registry.yarnpkg.com/rpi-gpio/-/rpi-gpio-1.0.0.tgz#0627fea1e290d1b49ecf3ca789ed9bfb36307405"
  dependencies:
    async "1.5.2"
    debug "2.6.9"
    epoll "0.1.22"
    promise "7.1.1"
